
Microsoft Visual Studio Solution File, Format Version 12.00
# Visual Studio Version 16
VisualStudioVersion = 16.0.29201.188
MinimumVisualStudioVersion = 10.0.40219.1
Project("{9A19103F-16F7-4668-BE54-9A1E7A4F7556}") = "ConsoleApp2", "ConsoleApp2\ConsoleApp2.csproj", "{B88F94AC-EA4D-44ED-B116-04D796B5A8B2}"
EndProject
Project("{9A19103F-16F7-4668-BE54-9A1E7A4F7556}") = "NUnitTestProject1", "NUnitTestProject1\NUnitTestProject1.csproj", "{BD1485C0-FBC9-41BE-9611-4FA64FFF7A65}"
EndProject
Project("{00D1A9C2-B5F0-4AF3-8072-F6C62B433612}") = "BelatrixDB", "Database1\BelatrixDB.sqlproj", "{50B67A94-A012-491A-95AF-944F9266823E}"
EndProject
Global
	GlobalSection(SolutionConfigurationPlatforms) = preSolution
		Debug|Any CPU = Debug|Any CPU
		Release|Any CPU = Release|Any CPU
	EndGlobalSection
	GlobalSection(ProjectConfigurationPlatforms) = postSolution
		{B88F94AC-EA4D-44ED-B116-04D796B5A8B2}.Debug|Any CPU.ActiveCfg = Debug|Any CPU
		{B88F94AC-EA4D-44ED-B116-04D796B5A8B2}.Debug|Any CPU.Build.0 = Debug|Any CPU
		{B88F94AC-EA4D-44ED-B116-04D796B5A8B2}.Release|Any CPU.ActiveCfg = Release|Any CPU
		{B88F94AC-EA4D-44ED-B116-04D796B5A8B2}.Release|Any CPU.Build.0 = Release|Any CPU
		{BD1485C0-FBC9-41BE-9611-4FA64FFF7A65}.Debug|Any CPU.ActiveCfg = Debug|Any CPU
		{BD1485C0-FBC9-41BE-9611-4FA64FFF7A65}.Debug|Any CPU.Build.0 = Debug|Any CPU
		{BD1485C0-FBC9-41BE-9611-4FA64FFF7A65}.Release|Any CPU.ActiveCfg = Release|Any CPU
		{BD1485C0-FBC9-41BE-9611-4FA64FFF7A65}.Release|Any CPU.Build.0 = Release|Any CPU
		{50B67A94-A012-491A-95AF-944F9266823E}.Debug|Any CPU.ActiveCfg = Debug|Any CPU
		{50B67A94-A012-491A-95AF-944F9266823E}.Debug|Any CPU.Build.0 = Debug|Any CPU
		{50B67A94-A012-491A-95AF-944F9266823E}.Debug|Any CPU.Deploy.0 = Debug|Any CPU
		{50B67A94-A012-491A-95AF-944F9266823E}.Release|Any CPU.ActiveCfg = Release|Any CPU
		{50B67A94-A012-491A-95AF-944F9266823E}.Release|Any CPU.Build.0 = Release|Any CPU
		{50B67A94-A012-491A-95AF-944F9266823E}.Release|Any CPU.Deploy.0 = Release|Any CPU
	EndGlobalSection
	GlobalSection(SolutionProperties) = preSolution
		HideSolutionNode = FALSE
	EndGlobalSection
	GlobalSection(ExtensibilityGlobals) = postSolution
		SolutionGuid = {FE1B7527-66D6-4B02-A952-C6CC06A4BFF7}
	EndGlobalSection
EndGlobal
