
Microsoft Visual Studio Solution File, Format Version 12.00
# Visual Studio Version 16
VisualStudioVersion = 16.0.29201.188
MinimumVisualStudioVersion = 10.0.40219.1
Project("{FAE04EC0-301F-11D3-BF4B-00C04F79EFBC}") = "ConsoleApp2", "ConsoleApp2\ConsoleApp2.csproj", "{B88F94AC-EA4D-44ED-B116-04D796B5A8B2}"
EndProject
Project("{FAE04EC0-301F-11D3-BF4B-00C04F79EFBC}") = "NUnitTestProject1", "NUnitTestProject1\NUnitTestProject1.csproj", "{BD1485C0-FBC9-41BE-9611-4FA64FFF7A65}"
EndProject
Global
	GlobalSection(SolutionConfigurationPlatforms) = preSolution
		Debug|Any CPU = Debug|Any CPU
		Release|Any CPU = Release|Any CPU
	EndGlobalSection
	GlobalSection(ProjectConfigurationPlatforms) = postSolution
		{B88F94AC-EA4D-44ED-B116-04D796B5A8B2}.Debug|Any CPU.ActiveCfg = Debug|Any CPU
		{B88F94AC-EA4D-44ED-B116-04D796B5A8B2}.Debug|Any CPU.Build.0 = Debug|Any CPU
		{B88F94AC-EA4D-44ED-B116-04D796B5A8B2}.Release|Any CPU.ActiveCfg = Release|Any CPU
		{B88F94AC-EA4D-44ED-B116-04D796B5A8B2}.Release|Any CPU.Build.0 = Release|Any CPU
		{BD1485C0-FBC9-41BE-9611-4FA64FFF7A65}.Debug|Any CPU.ActiveCfg = Debug|Any CPU
		{BD1485C0-FBC9-41BE-9611-4FA64FFF7A65}.Debug|Any CPU.Build.0 = Debug|Any CPU
		{BD1485C0-FBC9-41BE-9611-4FA64FFF7A65}.Release|Any CPU.ActiveCfg = Release|Any CPU
		{BD1485C0-FBC9-41BE-9611-4FA64FFF7A65}.Release|Any CPU.Build.0 = Release|Any CPU
	EndGlobalSection
	GlobalSection(SolutionProperties) = preSolution
		HideSolutionNode = FALSE
	EndGlobalSection
	GlobalSection(ExtensibilityGlobals) = postSolution
		SolutionGuid = {FE1B7527-66D6-4B02-A952-C6CC06A4BFF7}
	EndGlobalSection
EndGlobal
